
Microsoft Visual Studio Solution File, Format Version 12.00
# Visual Studio Version 17
VisualStudioVersion = 17.1.32414.318
MinimumVisualStudioVersion = 10.0.40219.1
Project("{9A19103F-16F7-4668-BE54-9A1E7A4F7556}") = "Grupp3-AdminApp", "Grupp3-AdminApp\Grupp3-AdminApp.csproj", "{4F6FB5A7-EAE8-4250-B3DB-A77DA7F22015}"
EndProject
Project("{9A19103F-16F7-4668-BE54-9A1E7A4F7556}") = "Grupp3-AdminApp.Tests", "Grupp3-AdminApp.Tests\Grupp3-AdminApp.Tests.csproj", "{6666CFE2-43CE-4E6E-87C5-BE9392ADEDD4}"
EndProject
Global
	GlobalSection(SolutionConfigurationPlatforms) = preSolution
		Debug|Any CPU = Debug|Any CPU
		Release|Any CPU = Release|Any CPU
	EndGlobalSection
	GlobalSection(ProjectConfigurationPlatforms) = postSolution
		{4F6FB5A7-EAE8-4250-B3DB-A77DA7F22015}.Debug|Any CPU.ActiveCfg = Debug|Any CPU
		{4F6FB5A7-EAE8-4250-B3DB-A77DA7F22015}.Debug|Any CPU.Build.0 = Debug|Any CPU
		{4F6FB5A7-EAE8-4250-B3DB-A77DA7F22015}.Release|Any CPU.ActiveCfg = Release|Any CPU
		{4F6FB5A7-EAE8-4250-B3DB-A77DA7F22015}.Release|Any CPU.Build.0 = Release|Any CPU
		{6666CFE2-43CE-4E6E-87C5-BE9392ADEDD4}.Debug|Any CPU.ActiveCfg = Debug|Any CPU
		{6666CFE2-43CE-4E6E-87C5-BE9392ADEDD4}.Debug|Any CPU.Build.0 = Debug|Any CPU
		{6666CFE2-43CE-4E6E-87C5-BE9392ADEDD4}.Release|Any CPU.ActiveCfg = Release|Any CPU
		{6666CFE2-43CE-4E6E-87C5-BE9392ADEDD4}.Release|Any CPU.Build.0 = Release|Any CPU
	EndGlobalSection
	GlobalSection(SolutionProperties) = preSolution
		HideSolutionNode = FALSE
	EndGlobalSection
	GlobalSection(ExtensibilityGlobals) = postSolution
		SolutionGuid = {4C054F59-D633-4663-8712-64533D963F6C}
	EndGlobalSection
EndGlobal
